
Microsoft Visual Studio Solution File, Format Version 12.00
# Visual Studio Version 17
VisualStudioVersion = 17.1.32328.378
MinimumVisualStudioVersion = 10.0.40219.1
Project("{9A19103F-16F7-4668-BE54-9A1E7A4F7556}") = "SmartLiving.Api", "SmartLiving.Api\SmartLiving.Api.csproj", "{DD5FA0C4-5A29-49FB-A0C7-7A4B1629E38F}"
EndProject
Project("{9A19103F-16F7-4668-BE54-9A1E7A4F7556}") = "SmartLiving.Data", "SmartLiving.Data\SmartLiving.Data.csproj", "{947EA484-C3CB-4BCB-9310-16DE614F9C1C}"
EndProject
Project("{9A19103F-16F7-4668-BE54-9A1E7A4F7556}") = "SmartLiving.Domain", "SmartLiving.Domain\SmartLiving.Domain.csproj", "{1D1D849B-E91B-4D22-B633-11A7FAC0BEF3}"
EndProject
Project("{9A19103F-16F7-4668-BE54-9A1E7A4F7556}") = "SmartLiving.Library", "SmartLiving.Library\SmartLiving.Library.csproj", "{3F3D47E6-405F-40FD-A6A0-AEE38192AB14}"
EndProject
Global
	GlobalSection(SolutionConfigurationPlatforms) = preSolution
		Debug|Any CPU = Debug|Any CPU
		Release|Any CPU = Release|Any CPU
	EndGlobalSection
	GlobalSection(ProjectConfigurationPlatforms) = postSolution
		{DD5FA0C4-5A29-49FB-A0C7-7A4B1629E38F}.Debug|Any CPU.ActiveCfg = Debug|Any CPU
		{DD5FA0C4-5A29-49FB-A0C7-7A4B1629E38F}.Debug|Any CPU.Build.0 = Debug|Any CPU
		{DD5FA0C4-5A29-49FB-A0C7-7A4B1629E38F}.Release|Any CPU.ActiveCfg = Release|Any CPU
		{DD5FA0C4-5A29-49FB-A0C7-7A4B1629E38F}.Release|Any CPU.Build.0 = Release|Any CPU
		{947EA484-C3CB-4BCB-9310-16DE614F9C1C}.Debug|Any CPU.ActiveCfg = Debug|Any CPU
		{947EA484-C3CB-4BCB-9310-16DE614F9C1C}.Debug|Any CPU.Build.0 = Debug|Any CPU
		{947EA484-C3CB-4BCB-9310-16DE614F9C1C}.Release|Any CPU.ActiveCfg = Release|Any CPU
		{947EA484-C3CB-4BCB-9310-16DE614F9C1C}.Release|Any CPU.Build.0 = Release|Any CPU
		{1D1D849B-E91B-4D22-B633-11A7FAC0BEF3}.Debug|Any CPU.ActiveCfg = Debug|Any CPU
		{1D1D849B-E91B-4D22-B633-11A7FAC0BEF3}.Debug|Any CPU.Build.0 = Debug|Any CPU
		{1D1D849B-E91B-4D22-B633-11A7FAC0BEF3}.Release|Any CPU.ActiveCfg = Release|Any CPU
		{1D1D849B-E91B-4D22-B633-11A7FAC0BEF3}.Release|Any CPU.Build.0 = Release|Any CPU
		{3F3D47E6-405F-40FD-A6A0-AEE38192AB14}.Debug|Any CPU.ActiveCfg = Debug|Any CPU
		{3F3D47E6-405F-40FD-A6A0-AEE38192AB14}.Debug|Any CPU.Build.0 = Debug|Any CPU
		{3F3D47E6-405F-40FD-A6A0-AEE38192AB14}.Release|Any CPU.ActiveCfg = Release|Any CPU
		{3F3D47E6-405F-40FD-A6A0-AEE38192AB14}.Release|Any CPU.Build.0 = Release|Any CPU
	EndGlobalSection
	GlobalSection(SolutionProperties) = preSolution
		HideSolutionNode = FALSE
	EndGlobalSection
	GlobalSection(ExtensibilityGlobals) = postSolution
		SolutionGuid = {78A6E5CB-3EA3-4482-9454-6B33EBCFAC75}
	EndGlobalSection
EndGlobal
