
Microsoft Visual Studio Solution File, Format Version 12.00
# Visual Studio Version 17
VisualStudioVersion = 17.2.32630.192
MinimumVisualStudioVersion = 10.0.40219.1
Project("{9A19103F-16F7-4668-BE54-9A1E7A4F7556}") = "SmartLiving.DeviceMVC.WebApp", "SmartLiving.DeviceMVC\SmartLiving.DeviceMVC.WebApp.csproj", "{1EFB6832-986D-41A1-A77D-261B11903719}"
EndProject
Project("{9A19103F-16F7-4668-BE54-9A1E7A4F7556}") = "SmartLiving.DeviceMVC.BussinessLogics", "SmartLiving.DeviceMVC.BussinessLogics\SmartLiving.DeviceMVC.BussinessLogics.csproj", "{07D82DFE-6605-45BA-BF7F-3B475C107E38}"
EndProject
Project("{9A19103F-16F7-4668-BE54-9A1E7A4F7556}") = "SmartLiving.DeviceMVC.Entities", "SmartLiving.DeviceMVC.Entities\SmartLiving.DeviceMVC.Entities.csproj", "{75603DA2-CC96-41BE-9BBF-FB7A3AA747EC}"
EndProject
Global
	GlobalSection(SolutionConfigurationPlatforms) = preSolution
		Debug|Any CPU = Debug|Any CPU
		Release|Any CPU = Release|Any CPU
	EndGlobalSection
	GlobalSection(ProjectConfigurationPlatforms) = postSolution
		{1EFB6832-986D-41A1-A77D-261B11903719}.Debug|Any CPU.ActiveCfg = Debug|Any CPU
		{1EFB6832-986D-41A1-A77D-261B11903719}.Debug|Any CPU.Build.0 = Debug|Any CPU
		{1EFB6832-986D-41A1-A77D-261B11903719}.Release|Any CPU.ActiveCfg = Release|Any CPU
		{1EFB6832-986D-41A1-A77D-261B11903719}.Release|Any CPU.Build.0 = Release|Any CPU
		{07D82DFE-6605-45BA-BF7F-3B475C107E38}.Debug|Any CPU.ActiveCfg = Debug|Any CPU
		{07D82DFE-6605-45BA-BF7F-3B475C107E38}.Debug|Any CPU.Build.0 = Debug|Any CPU
		{07D82DFE-6605-45BA-BF7F-3B475C107E38}.Release|Any CPU.ActiveCfg = Release|Any CPU
		{07D82DFE-6605-45BA-BF7F-3B475C107E38}.Release|Any CPU.Build.0 = Release|Any CPU
		{75603DA2-CC96-41BE-9BBF-FB7A3AA747EC}.Debug|Any CPU.ActiveCfg = Debug|Any CPU
		{75603DA2-CC96-41BE-9BBF-FB7A3AA747EC}.Debug|Any CPU.Build.0 = Debug|Any CPU
		{75603DA2-CC96-41BE-9BBF-FB7A3AA747EC}.Release|Any CPU.ActiveCfg = Release|Any CPU
		{75603DA2-CC96-41BE-9BBF-FB7A3AA747EC}.Release|Any CPU.Build.0 = Release|Any CPU
	EndGlobalSection
	GlobalSection(SolutionProperties) = preSolution
		HideSolutionNode = FALSE
	EndGlobalSection
	GlobalSection(ExtensibilityGlobals) = postSolution
		SolutionGuid = {237F5274-0FEF-4960-8F24-A8C2C44C2341}
	EndGlobalSection
EndGlobal
